
Microsoft Visual Studio Solution File, Format Version 12.00
# Visual Studio Version 17
VisualStudioVersion = 17.0.32126.317
MinimumVisualStudioVersion = 10.0.40219.1
Project("{FAE04EC0-301F-11D3-BF4B-00C04F79EFBC}") = "Matrix", "Matrix.csproj", "{E280E51A-DA12-42F9-AF75-75C9D443DB3A}"
EndProject
Project("{9A19103F-16F7-4668-BE54-9A1E7A4F7556}") = "ConsoleWindow", "..\ConsoleWindow\ConsoleWindow.csproj", "{DB8B5171-A530-4ECA-A979-B65D00CE2503}"
EndProject
Global
	GlobalSection(SolutionConfigurationPlatforms) = preSolution
		Debug|Any CPU = Debug|Any CPU
		Release|Any CPU = Release|Any CPU
	EndGlobalSection
	GlobalSection(ProjectConfigurationPlatforms) = postSolution
		{E280E51A-DA12-42F9-AF75-75C9D443DB3A}.Debug|Any CPU.ActiveCfg = Debug|Any CPU
		{E280E51A-DA12-42F9-AF75-75C9D443DB3A}.Debug|Any CPU.Build.0 = Debug|Any CPU
		{E280E51A-DA12-42F9-AF75-75C9D443DB3A}.Release|Any CPU.ActiveCfg = Release|Any CPU
		{E280E51A-DA12-42F9-AF75-75C9D443DB3A}.Release|Any CPU.Build.0 = Release|Any CPU
		{DB8B5171-A530-4ECA-A979-B65D00CE2503}.Debug|Any CPU.ActiveCfg = Debug|Any CPU
		{DB8B5171-A530-4ECA-A979-B65D00CE2503}.Debug|Any CPU.Build.0 = Debug|Any CPU
		{DB8B5171-A530-4ECA-A979-B65D00CE2503}.Release|Any CPU.ActiveCfg = Release|Any CPU
		{DB8B5171-A530-4ECA-A979-B65D00CE2503}.Release|Any CPU.Build.0 = Release|Any CPU
	EndGlobalSection
	GlobalSection(SolutionProperties) = preSolution
		HideSolutionNode = FALSE
	EndGlobalSection
	GlobalSection(ExtensibilityGlobals) = postSolution
		SolutionGuid = {04436016-0CDE-470F-B9E7-C154BCDAA052}
	EndGlobalSection
EndGlobal
